
Microsoft Visual Studio Solution File, Format Version 12.00
# Visual Studio Version 17
VisualStudioVersion = 17.0.31912.275
MinimumVisualStudioVersion = 10.0.40219.1
Project("{FAE04EC0-301F-11D3-BF4B-00C04F79EFBC}") = "EventManagementApiDocker", "EventManagementApiDocker\EventManagementApiDocker.csproj", "{915996E1-D7B0-4C90-AFE4-3DC2B7885789}"
EndProject
Global
	GlobalSection(SolutionConfigurationPlatforms) = preSolution
		Debug|Any CPU = Debug|Any CPU
		Release|Any CPU = Release|Any CPU
	EndGlobalSection
	GlobalSection(ProjectConfigurationPlatforms) = postSolution
		{915996E1-D7B0-4C90-AFE4-3DC2B7885789}.Debug|Any CPU.ActiveCfg = Debug|Any CPU
		{915996E1-D7B0-4C90-AFE4-3DC2B7885789}.Debug|Any CPU.Build.0 = Debug|Any CPU
		{915996E1-D7B0-4C90-AFE4-3DC2B7885789}.Release|Any CPU.ActiveCfg = Release|Any CPU
		{915996E1-D7B0-4C90-AFE4-3DC2B7885789}.Release|Any CPU.Build.0 = Release|Any CPU
	EndGlobalSection
	GlobalSection(SolutionProperties) = preSolution
		HideSolutionNode = FALSE
	EndGlobalSection
	GlobalSection(ExtensibilityGlobals) = postSolution
		SolutionGuid = {A11F9FEF-02E6-4D2B-9888-DE076F3F080D}
	EndGlobalSection
EndGlobal
